// !$*UTF8*$!
{
	archiveVersion = 1;
	classes = {
	};
	objectVersion = 50;
	objects = {

/* Begin PBXBuildFile section */
		971487A3227A27BE00570548 /* Database.cpp in Sources */ = {isa = PBXBuildFile; fileRef = 971487A1227A27BE00570548 /* Database.cpp */; };
		971487A4227A27BE00570548 /* Database.h in Headers */ = {isa = PBXBuildFile; fileRef = 971487A2227A27BE00570548 /* Database.h */; };
		971487A7227A27E200570548 /* Model.cpp in Sources */ = {isa = PBXBuildFile; fileRef = 971487A5227A27E200570548 /* Model.cpp */; };
		971487A8227A27E200570548 /* Model.h in Headers */ = {isa = PBXBuildFile; fileRef = 971487A6227A27E200570548 /* Model.h */; };
		971487AC227A285200570548 /* ConnectorBase.cpp in Sources */ = {isa = PBXBuildFile; fileRef = 971487AA227A285200570548 /* ConnectorBase.cpp */; };
		971487AD227A285200570548 /* ConnectorBase.h in Headers */ = {isa = PBXBuildFile; fileRef = 971487AB227A285200570548 /* ConnectorBase.h */; };
		971487B0227A286700570548 /* Mysql.cpp in Sources */ = {isa = PBXBuildFile; fileRef = 971487AE227A286700570548 /* Mysql.cpp */; };
		971487B1227A286700570548 /* Mysql.h in Headers */ = {isa = PBXBuildFile; fileRef = 971487AF227A286700570548 /* Mysql.h */; };
		971487B4227A2C0F00570548 /* libmysqlclient.a in Frameworks */ = {isa = PBXBuildFile; fileRef = 971487B3227A2C0F00570548 /* libmysqlclient.a */; };
		971487B7227A2CAD00570548 /* ResultSet.cpp in Sources */ = {isa = PBXBuildFile; fileRef = 971487B5227A2CAD00570548 /* ResultSet.cpp */; };
		971487B8227A2CAD00570548 /* ResultSet.h in Headers */ = {isa = PBXBuildFile; fileRef = 971487B6227A2CAD00570548 /* ResultSet.h */; };
		971487BC227A2D1600570548 /* Result.cpp in Sources */ = {isa = PBXBuildFile; fileRef = 971487BA227A2D1600570548 /* Result.cpp */; };
		971487BD227A2D1600570548 /* Result.h in Headers */ = {isa = PBXBuildFile; fileRef = 971487BB227A2D1600570548 /* Result.h */; };
		971487C1227A2D9900570548 /* GeneratorBase.cpp in Sources */ = {isa = PBXBuildFile; fileRef = 971487BF227A2D9900570548 /* GeneratorBase.cpp */; };
		971487C2227A2D9900570548 /* GeneratorBase.h in Headers */ = {isa = PBXBuildFile; fileRef = 971487C0227A2D9900570548 /* GeneratorBase.h */; };
		971487C5227A321100570548 /* MysqlGenerator.cpp in Sources */ = {isa = PBXBuildFile; fileRef = 971487C3227A321100570548 /* MysqlGenerator.cpp */; };
		971487C6227A321100570548 /* MysqlGenerator.h in Headers */ = {isa = PBXBuildFile; fileRef = 971487C4227A321100570548 /* MysqlGenerator.h */; };
		971487C9227A38E800570548 /* Clause.cpp in Sources */ = {isa = PBXBuildFile; fileRef = 971487C7227A38E800570548 /* Clause.cpp */; };
		971487CA227A38E800570548 /* Clause.h in Headers */ = {isa = PBXBuildFile; fileRef = 971487C8227A38E800570548 /* Clause.h */; };
		971487CE227A434700570548 /* ClauseValue.cpp in Sources */ = {isa = PBXBuildFile; fileRef = 971487CC227A434700570548 /* ClauseValue.cpp */; };
		971487CF227A434700570548 /* ClauseValue.h in Headers */ = {isa = PBXBuildFile; fileRef = 971487CD227A434700570548 /* ClauseValue.h */; };
		971487D2227A438A00570548 /* ClauseGroup.cpp in Sources */ = {isa = PBXBuildFile; fileRef = 971487D0227A438A00570548 /* ClauseGroup.cpp */; };
		971487D3227A438A00570548 /* ClauseGroup.h in Headers */ = {isa = PBXBuildFile; fileRef = 971487D1227A438A00570548 /* ClauseGroup.h */; };
		971487D6227B6E5100570548 /* Fields.cpp in Sources */ = {isa = PBXBuildFile; fileRef = 971487D4227B6E5100570548 /* Fields.cpp */; };
		971487D7227B6E5100570548 /* Fields.h in Headers */ = {isa = PBXBuildFile; fileRef = 971487D5227B6E5100570548 /* Fields.h */; };
		971487DA227B7A5800570548 /* Join.cpp in Sources */ = {isa = PBXBuildFile; fileRef = 971487D8227B7A5800570548 /* Join.cpp */; };
		971487DB227B7A5800570548 /* Join.h in Headers */ = {isa = PBXBuildFile; fileRef = 971487D9227B7A5800570548 /* Join.h */; };
		971487DE227B7A8900570548 /* Order.cpp in Sources */ = {isa = PBXBuildFile; fileRef = 971487DC227B7A8900570548 /* Order.cpp */; };
		971487DF227B7A8900570548 /* Order.h in Headers */ = {isa = PBXBuildFile; fileRef = 971487DD227B7A8900570548 /* Order.h */; };
		971487E2227B7A9A00570548 /* Group.cpp in Sources */ = {isa = PBXBuildFile; fileRef = 971487E0227B7A9A00570548 /* Group.cpp */; };
		971487E3227B7A9A00570548 /* Group.h in Headers */ = {isa = PBXBuildFile; fileRef = 971487E1227B7A9A00570548 /* Group.h */; };
/* End PBXBuildFile section */

/* Begin PBXFileReference section */
		97148799227A267E00570548 /* libnrdata.a */ = {isa = PBXFileReference; explicitFileType = archive.ar; includeInIndex = 0; path = libnrdata.a; sourceTree = BUILT_PRODUCTS_DIR; };
		971487A1227A27BE00570548 /* Database.cpp */ = {isa = PBXFileReference; lastKnownFileType = sourcecode.cpp.cpp; path = Database.cpp; sourceTree = "<group>"; };
		971487A2227A27BE00570548 /* Database.h */ = {isa = PBXFileReference; lastKnownFileType = sourcecode.c.h; path = Database.h; sourceTree = "<group>"; };
		971487A5227A27E200570548 /* Model.cpp */ = {isa = PBXFileReference; lastKnownFileType = sourcecode.cpp.cpp; path = Model.cpp; sourceTree = "<group>"; };
		971487A6227A27E200570548 /* Model.h */ = {isa = PBXFileReference; lastKnownFileType = sourcecode.c.h; path = Model.h; sourceTree = "<group>"; };
		971487AA227A285200570548 /* ConnectorBase.cpp */ = {isa = PBXFileReference; lastKnownFileType = sourcecode.cpp.cpp; path = ConnectorBase.cpp; sourceTree = "<group>"; };
		971487AB227A285200570548 /* ConnectorBase.h */ = {isa = PBXFileReference; lastKnownFileType = sourcecode.c.h; path = ConnectorBase.h; sourceTree = "<group>"; };
		971487AE227A286700570548 /* Mysql.cpp */ = {isa = PBXFileReference; lastKnownFileType = sourcecode.cpp.cpp; path = Mysql.cpp; sourceTree = "<group>"; };
		971487AF227A286700570548 /* Mysql.h */ = {isa = PBXFileReference; lastKnownFileType = sourcecode.c.h; path = Mysql.h; sourceTree = "<group>"; };
		971487B3227A2C0F00570548 /* libmysqlclient.a */ = {isa = PBXFileReference; lastKnownFileType = archive.ar; name = libmysqlclient.a; path = "../../../../../usr/local/Cellar/mysql-connector-c/6.1.11/lib/libmysqlclient.a"; sourceTree = "<group>"; };
		971487B5227A2CAD00570548 /* ResultSet.cpp */ = {isa = PBXFileReference; lastKnownFileType = sourcecode.cpp.cpp; path = ResultSet.cpp; sourceTree = "<group>"; };
		971487B6227A2CAD00570548 /* ResultSet.h */ = {isa = PBXFileReference; lastKnownFileType = sourcecode.c.h; path = ResultSet.h; sourceTree = "<group>"; };
		971487BA227A2D1600570548 /* Result.cpp */ = {isa = PBXFileReference; lastKnownFileType = sourcecode.cpp.cpp; path = Result.cpp; sourceTree = "<group>"; };
		971487BB227A2D1600570548 /* Result.h */ = {isa = PBXFileReference; lastKnownFileType = sourcecode.c.h; path = Result.h; sourceTree = "<group>"; };
		971487BF227A2D9900570548 /* GeneratorBase.cpp */ = {isa = PBXFileReference; lastKnownFileType = sourcecode.cpp.cpp; path = GeneratorBase.cpp; sourceTree = "<group>"; };
		971487C0227A2D9900570548 /* GeneratorBase.h */ = {isa = PBXFileReference; lastKnownFileType = sourcecode.c.h; path = GeneratorBase.h; sourceTree = "<group>"; };
		971487C3227A321100570548 /* MysqlGenerator.cpp */ = {isa = PBXFileReference; lastKnownFileType = sourcecode.cpp.cpp; path = MysqlGenerator.cpp; sourceTree = "<group>"; };
		971487C4227A321100570548 /* MysqlGenerator.h */ = {isa = PBXFileReference; lastKnownFileType = sourcecode.c.h; path = MysqlGenerator.h; sourceTree = "<group>"; };
		971487C7227A38E800570548 /* Clause.cpp */ = {isa = PBXFileReference; lastKnownFileType = sourcecode.cpp.cpp; path = Clause.cpp; sourceTree = "<group>"; };
		971487C8227A38E800570548 /* Clause.h */ = {isa = PBXFileReference; lastKnownFileType = sourcecode.c.h; path = Clause.h; sourceTree = "<group>"; };
		971487CC227A434700570548 /* ClauseValue.cpp */ = {isa = PBXFileReference; lastKnownFileType = sourcecode.cpp.cpp; path = ClauseValue.cpp; sourceTree = "<group>"; };
		971487CD227A434700570548 /* ClauseValue.h */ = {isa = PBXFileReference; lastKnownFileType = sourcecode.c.h; path = ClauseValue.h; sourceTree = "<group>"; };
		971487D0227A438A00570548 /* ClauseGroup.cpp */ = {isa = PBXFileReference; lastKnownFileType = sourcecode.cpp.cpp; path = ClauseGroup.cpp; sourceTree = "<group>"; };
		971487D1227A438A00570548 /* ClauseGroup.h */ = {isa = PBXFileReference; lastKnownFileType = sourcecode.c.h; path = ClauseGroup.h; sourceTree = "<group>"; };
		971487D4227B6E5100570548 /* Fields.cpp */ = {isa = PBXFileReference; lastKnownFileType = sourcecode.cpp.cpp; path = Fields.cpp; sourceTree = "<group>"; };
		971487D5227B6E5100570548 /* Fields.h */ = {isa = PBXFileReference; lastKnownFileType = sourcecode.c.h; path = Fields.h; sourceTree = "<group>"; };
		971487D8227B7A5800570548 /* Join.cpp */ = {isa = PBXFileReference; lastKnownFileType = sourcecode.cpp.cpp; path = Join.cpp; sourceTree = "<group>"; };
		971487D9227B7A5800570548 /* Join.h */ = {isa = PBXFileReference; lastKnownFileType = sourcecode.c.h; path = Join.h; sourceTree = "<group>"; };
		971487DC227B7A8900570548 /* Order.cpp */ = {isa = PBXFileReference; lastKnownFileType = sourcecode.cpp.cpp; path = Order.cpp; sourceTree = "<group>"; };
		971487DD227B7A8900570548 /* Order.h */ = {isa = PBXFileReference; lastKnownFileType = sourcecode.c.h; path = Order.h; sourceTree = "<group>"; };
		971487E0227B7A9A00570548 /* Group.cpp */ = {isa = PBXFileReference; lastKnownFileType = sourcecode.cpp.cpp; path = Group.cpp; sourceTree = "<group>"; };
		971487E1227B7A9A00570548 /* Group.h */ = {isa = PBXFileReference; lastKnownFileType = sourcecode.c.h; path = Group.h; sourceTree = "<group>"; };
/* End PBXFileReference section */

/* Begin PBXFrameworksBuildPhase section */
		97148797227A267E00570548 /* Frameworks */ = {
			isa = PBXFrameworksBuildPhase;
			buildActionMask = 2147483647;
			files = (
				971487B4227A2C0F00570548 /* libmysqlclient.a in Frameworks */,
			);
			runOnlyForDeploymentPostprocessing = 0;
		};
/* End PBXFrameworksBuildPhase section */

/* Begin PBXGroup section */
		97148790227A267E00570548 = {
			isa = PBXGroup;
			children = (
				971487A0227A268700570548 /* libnrdata */,
				9714879A227A267E00570548 /* Products */,
				971487B2227A2C0F00570548 /* Frameworks */,
			);
			sourceTree = "<group>";
		};
		9714879A227A267E00570548 /* Products */ = {
			isa = PBXGroup;
			children = (
				97148799227A267E00570548 /* libnrdata.a */,
			);
			name = Products;
			sourceTree = "<group>";
		};
		971487A0227A268700570548 /* libnrdata */ = {
			isa = PBXGroup;
			children = (
				971487BE227A2D8D00570548 /* sql */,
				971487B9227A2CFD00570548 /* result */,
				971487A9227A283800570548 /* connectors */,
				971487A2227A27BE00570548 /* Database.h */,
				971487A1227A27BE00570548 /* Database.cpp */,
				971487A6227A27E200570548 /* Model.h */,
				971487A5227A27E200570548 /* Model.cpp */,
			);
			path = libnrdata;
			sourceTree = "<group>";
		};
		971487A9227A283800570548 /* connectors */ = {
			isa = PBXGroup;
			children = (
				971487AB227A285200570548 /* ConnectorBase.h */,
				971487AA227A285200570548 /* ConnectorBase.cpp */,
				971487AF227A286700570548 /* Mysql.h */,
				971487AE227A286700570548 /* Mysql.cpp */,
			);
			path = connectors;
			sourceTree = "<group>";
		};
		971487B2227A2C0F00570548 /* Frameworks */ = {
			isa = PBXGroup;
			children = (
				971487B3227A2C0F00570548 /* libmysqlclient.a */,
			);
			name = Frameworks;
			sourceTree = "<group>";
		};
		971487B9227A2CFD00570548 /* result */ = {
			isa = PBXGroup;
			children = (
				971487B6227A2CAD00570548 /* ResultSet.h */,
				971487B5227A2CAD00570548 /* ResultSet.cpp */,
				971487BB227A2D1600570548 /* Result.h */,
				971487BA227A2D1600570548 /* Result.cpp */,
			);
			path = result;
			sourceTree = "<group>";
		};
		971487BE227A2D8D00570548 /* sql */ = {
			isa = PBXGroup;
			children = (
				971487CB227A38F000570548 /* sections */,
				971487C0227A2D9900570548 /* GeneratorBase.h */,
				971487BF227A2D9900570548 /* GeneratorBase.cpp */,
				971487C4227A321100570548 /* MysqlGenerator.h */,
				971487C3227A321100570548 /* MysqlGenerator.cpp */,
			);
			path = sql;
			sourceTree = "<group>";
		};
		971487CB227A38F000570548 /* sections */ = {
			isa = PBXGroup;
			children = (
				971487D5227B6E5100570548 /* Fields.h */,
				971487D4227B6E5100570548 /* Fields.cpp */,
				971487D9227B7A5800570548 /* Join.h */,
				971487D8227B7A5800570548 /* Join.cpp */,
				971487C8227A38E800570548 /* Clause.h */,
				971487C7227A38E800570548 /* Clause.cpp */,
				971487CD227A434700570548 /* ClauseValue.h */,
				971487CC227A434700570548 /* ClauseValue.cpp */,
				971487D1227A438A00570548 /* ClauseGroup.h */,
				971487D0227A438A00570548 /* ClauseGroup.cpp */,
				971487DD227B7A8900570548 /* Order.h */,
				971487DC227B7A8900570548 /* Order.cpp */,
				971487E1227B7A9A00570548 /* Group.h */,
				971487E0227B7A9A00570548 /* Group.cpp */,
			);
			path = sections;
			sourceTree = "<group>";
		};
/* End PBXGroup section */

/* Begin PBXHeadersBuildPhase section */
		97148795227A267E00570548 /* Headers */ = {
			isa = PBXHeadersBuildPhase;
			buildActionMask = 2147483647;
			files = (
				971487A8227A27E200570548 /* Model.h in Headers */,
				971487C2227A2D9900570548 /* GeneratorBase.h in Headers */,
				971487B8227A2CAD00570548 /* ResultSet.h in Headers */,
				971487CA227A38E800570548 /* Clause.h in Headers */,
				971487B1227A286700570548 /* Mysql.h in Headers */,
				971487BD227A2D1600570548 /* Result.h in Headers */,
				971487C6227A321100570548 /* MysqlGenerator.h in Headers */,
				971487DB227B7A5800570548 /* Join.h in Headers */,
				971487D7227B6E5100570548 /* Fields.h in Headers */,
				971487CF227A434700570548 /* ClauseValue.h in Headers */,
				971487D3227A438A00570548 /* ClauseGroup.h in Headers */,
				971487DF227B7A8900570548 /* Order.h in Headers */,
				971487A4227A27BE00570548 /* Database.h in Headers */,
				971487E3227B7A9A00570548 /* Group.h in Headers */,
				971487AD227A285200570548 /* ConnectorBase.h in Headers */,
			);
			runOnlyForDeploymentPostprocessing = 0;
		};
/* End PBXHeadersBuildPhase section */

/* Begin PBXNativeTarget section */
		97148798227A267E00570548 /* LibNrData */ = {
			isa = PBXNativeTarget;
			buildConfigurationList = 9714879D227A267E00570548 /* Build configuration list for PBXNativeTarget "LibNrData" */;
			buildPhases = (
				97148795227A267E00570548 /* Headers */,
				97148796227A267E00570548 /* Sources */,
				97148797227A267E00570548 /* Frameworks */,
			);
			buildRules = (
			);
			dependencies = (
			);
			name = LibNrData;
			productName = LibNrData;
			productReference = 97148799227A267E00570548 /* libnrdata.a */;
			productType = "com.apple.product-type.library.static";
		};
/* End PBXNativeTarget section */

/* Begin PBXProject section */
		97148791227A267E00570548 /* Project object */ = {
			isa = PBXProject;
			attributes = {
				LastUpgradeCheck = 1020;
				ORGANIZATIONNAME = "Liquidsoft Studio";
				TargetAttributes = {
					97148798227A267E00570548 = {
						CreatedOnToolsVersion = 10.2.1;
					};
				};
			};
			buildConfigurationList = 97148794227A267E00570548 /* Build configuration list for PBXProject "LibNrData" */;
			compatibilityVersion = "Xcode 9.3";
			developmentRegion = en;
			hasScannedForEncodings = 0;
			knownRegions = (
				en,
			);
			mainGroup = 97148790227A267E00570548;
			productRefGroup = 9714879A227A267E00570548 /* Products */;
			projectDirPath = "";
			projectRoot = "";
			targets = (
				97148798227A267E00570548 /* LibNrData */,
			);
		};
/* End PBXProject section */

/* Begin PBXSourcesBuildPhase section */
		97148796227A267E00570548 /* Sources */ = {
			isa = PBXSourcesBuildPhase;
			buildActionMask = 2147483647;
			files = (
				971487C5227A321100570548 /* MysqlGenerator.cpp in Sources */,
				971487B0227A286700570548 /* Mysql.cpp in Sources */,
				971487CE227A434700570548 /* ClauseValue.cpp in Sources */,
				971487C9227A38E800570548 /* Clause.cpp in Sources */,
				971487B7227A2CAD00570548 /* ResultSet.cpp in Sources */,
				971487BC227A2D1600570548 /* Result.cpp in Sources */,
				971487DE227B7A8900570548 /* Order.cpp in Sources */,
				971487D6227B6E5100570548 /* Fields.cpp in Sources */,
				971487A3227A27BE00570548 /* Database.cpp in Sources */,
				971487C1227A2D9900570548 /* GeneratorBase.cpp in Sources */,
				971487D2227A438A00570548 /* ClauseGroup.cpp in Sources */,
				971487A7227A27E200570548 /* Model.cpp in Sources */,
				971487AC227A285200570548 /* ConnectorBase.cpp in Sources */,
				971487E2227B7A9A00570548 /* Group.cpp in Sources */,
				971487DA227B7A5800570548 /* Join.cpp in Sources */,
			);
			runOnlyForDeploymentPostprocessing = 0;
		};
/* End PBXSourcesBuildPhase section */

/* Begin XCBuildConfiguration section */
		9714879B227A267E00570548 /* Debug */ = {
			isa = XCBuildConfiguration;
			buildSettings = {
				ALWAYS_SEARCH_USER_PATHS = NO;
				CLANG_ANALYZER_NONNULL = YES;
				CLANG_ANALYZER_NUMBER_OBJECT_CONVERSION = YES_AGGRESSIVE;
				CLANG_CXX_LANGUAGE_STANDARD = "gnu++14";
				CLANG_CXX_LIBRARY = "libc++";
				CLANG_ENABLE_MODULES = YES;
				CLANG_ENABLE_OBJC_ARC = YES;
				CLANG_ENABLE_OBJC_WEAK = YES;
				CLANG_WARN_BLOCK_CAPTURE_AUTORELEASING = YES;
				CLANG_WARN_BOOL_CONVERSION = YES;
				CLANG_WARN_COMMA = YES;
				CLANG_WARN_CONSTANT_CONVERSION = YES;
				CLANG_WARN_DEPRECATED_OBJC_IMPLEMENTATIONS = YES;
				CLANG_WARN_DIRECT_OBJC_ISA_USAGE = YES_ERROR;
				CLANG_WARN_DOCUMENTATION_COMMENTS = YES;
				CLANG_WARN_EMPTY_BODY = YES;
				CLANG_WARN_ENUM_CONVERSION = YES;
				CLANG_WARN_INFINITE_RECURSION = YES;
				CLANG_WARN_INT_CONVERSION = YES;
				CLANG_WARN_NON_LITERAL_NULL_CONVERSION = YES;
				CLANG_WARN_OBJC_IMPLICIT_RETAIN_SELF = YES;
				CLANG_WARN_OBJC_LITERAL_CONVERSION = YES;
				CLANG_WARN_OBJC_ROOT_CLASS = YES_ERROR;
				CLANG_WARN_RANGE_LOOP_ANALYSIS = YES;
				CLANG_WARN_STRICT_PROTOTYPES = YES;
				CLANG_WARN_SUSPICIOUS_MOVE = YES;
				CLANG_WARN_UNGUARDED_AVAILABILITY = YES_AGGRESSIVE;
				CLANG_WARN_UNREACHABLE_CODE = YES;
				CLANG_WARN__DUPLICATE_METHOD_MATCH = YES;
				CODE_SIGN_IDENTITY = "Mac Developer";
				COPY_PHASE_STRIP = NO;
				DEBUG_INFORMATION_FORMAT = dwarf;
				ENABLE_STRICT_OBJC_MSGSEND = YES;
				ENABLE_TESTABILITY = YES;
				GCC_C_LANGUAGE_STANDARD = gnu11;
				GCC_DYNAMIC_NO_PIC = NO;
				GCC_NO_COMMON_BLOCKS = YES;
				GCC_OPTIMIZATION_LEVEL = 0;
				GCC_PREPROCESSOR_DEFINITIONS = (
					"DEBUG=1",
					"$(inherited)",
				);
				GCC_WARN_64_TO_32_BIT_CONVERSION = YES;
				GCC_WARN_ABOUT_RETURN_TYPE = YES_ERROR;
				GCC_WARN_UNDECLARED_SELECTOR = YES;
				GCC_WARN_UNINITIALIZED_AUTOS = YES_AGGRESSIVE;
				GCC_WARN_UNUSED_FUNCTION = YES;
				GCC_WARN_UNUSED_VARIABLE = YES;
				MACOSX_DEPLOYMENT_TARGET = 10.14;
				MTL_ENABLE_DEBUG_INFO = INCLUDE_SOURCE;
				MTL_FAST_MATH = YES;
				ONLY_ACTIVE_ARCH = YES;
				SDKROOT = macosx;
			};
			name = Debug;
		};
		9714879C227A267E00570548 /* Release */ = {
			isa = XCBuildConfiguration;
			buildSettings = {
				ALWAYS_SEARCH_USER_PATHS = NO;
				CLANG_ANALYZER_NONNULL = YES;
				CLANG_ANALYZER_NUMBER_OBJECT_CONVERSION = YES_AGGRESSIVE;
				CLANG_CXX_LANGUAGE_STANDARD = "gnu++14";
				CLANG_CXX_LIBRARY = "libc++";
				CLANG_ENABLE_MODULES = YES;
				CLANG_ENABLE_OBJC_ARC = YES;
				CLANG_ENABLE_OBJC_WEAK = YES;
				CLANG_WARN_BLOCK_CAPTURE_AUTORELEASING = YES;
				CLANG_WARN_BOOL_CONVERSION = YES;
				CLANG_WARN_COMMA = YES;
				CLANG_WARN_CONSTANT_CONVERSION = YES;
				CLANG_WARN_DEPRECATED_OBJC_IMPLEMENTATIONS = YES;
				CLANG_WARN_DIRECT_OBJC_ISA_USAGE = YES_ERROR;
				CLANG_WARN_DOCUMENTATION_COMMENTS = YES;
				CLANG_WARN_EMPTY_BODY = YES;
				CLANG_WARN_ENUM_CONVERSION = YES;
				CLANG_WARN_INFINITE_RECURSION = YES;
				CLANG_WARN_INT_CONVERSION = YES;
				CLANG_WARN_NON_LITERAL_NULL_CONVERSION = YES;
				CLANG_WARN_OBJC_IMPLICIT_RETAIN_SELF = YES;
				CLANG_WARN_OBJC_LITERAL_CONVERSION = YES;
				CLANG_WARN_OBJC_ROOT_CLASS = YES_ERROR;
				CLANG_WARN_RANGE_LOOP_ANALYSIS = YES;
				CLANG_WARN_STRICT_PROTOTYPES = YES;
				CLANG_WARN_SUSPICIOUS_MOVE = YES;
				CLANG_WARN_UNGUARDED_AVAILABILITY = YES_AGGRESSIVE;
				CLANG_WARN_UNREACHABLE_CODE = YES;
				CLANG_WARN__DUPLICATE_METHOD_MATCH = YES;
				CODE_SIGN_IDENTITY = "Mac Developer";
				COPY_PHASE_STRIP = NO;
				DEBUG_INFORMATION_FORMAT = "dwarf-with-dsym";
				ENABLE_NS_ASSERTIONS = NO;
				ENABLE_STRICT_OBJC_MSGSEND = YES;
				GCC_C_LANGUAGE_STANDARD = gnu11;
				GCC_NO_COMMON_BLOCKS = YES;
				GCC_WARN_64_TO_32_BIT_CONVERSION = YES;
				GCC_WARN_ABOUT_RETURN_TYPE = YES_ERROR;
				GCC_WARN_UNDECLARED_SELECTOR = YES;
				GCC_WARN_UNINITIALIZED_AUTOS = YES_AGGRESSIVE;
				GCC_WARN_UNUSED_FUNCTION = YES;
				GCC_WARN_UNUSED_VARIABLE = YES;
				MACOSX_DEPLOYMENT_TARGET = 10.14;
				MTL_ENABLE_DEBUG_INFO = NO;
				MTL_FAST_MATH = YES;
				SDKROOT = macosx;
			};
			name = Release;
		};
		9714879E227A267E00570548 /* Debug */ = {
			isa = XCBuildConfiguration;
			buildSettings = {
				CODE_SIGN_STYLE = Automatic;
				DEVELOPMENT_TEAM = 4MASABRRSM;
				EXECUTABLE_PREFIX = lib;
				HEADER_SEARCH_PATHS = /usr/local/include;
				LIBRARY_SEARCH_PATHS = (
					"$(inherited)",
					"/usr/local/Cellar/mysql-connector-c/6.1.11/lib",
				);
				PRODUCT_NAME = nrdata;
				SKIP_INSTALL = YES;
			};
			name = Debug;
		};
		9714879F227A267E00570548 /* Release */ = {
			isa = XCBuildConfiguration;
			buildSettings = {
				CODE_SIGN_STYLE = Automatic;
				DEVELOPMENT_TEAM = 4MASABRRSM;
				EXECUTABLE_PREFIX = lib;
				HEADER_SEARCH_PATHS = /usr/local/include;
				LIBRARY_SEARCH_PATHS = (
					"$(inherited)",
					"/usr/local/Cellar/mysql-connector-c/6.1.11/lib",
				);
				PRODUCT_NAME = nrdata;
				SKIP_INSTALL = YES;
			};
			name = Release;
		};
/* End XCBuildConfiguration section */

/* Begin XCConfigurationList section */
		97148794227A267E00570548 /* Build configuration list for PBXProject "LibNrData" */ = {
			isa = XCConfigurationList;
			buildConfigurations = (
				9714879B227A267E00570548 /* Debug */,
				9714879C227A267E00570548 /* Release */,
			);
			defaultConfigurationIsVisible = 0;
			defaultConfigurationName = Release;
		};
		9714879D227A267E00570548 /* Build configuration list for PBXNativeTarget "LibNrData" */ = {
			isa = XCConfigurationList;
			buildConfigurations = (
				9714879E227A267E00570548 /* Debug */,
				9714879F227A267E00570548 /* Release */,
			);
			defaultConfigurationIsVisible = 0;
			defaultConfigurationName = Release;
		};
/* End XCConfigurationList section */
	};
	rootObject = 97148791227A267E00570548 /* Project object */;
}
